
Microsoft Visual Studio Solution File, Format Version 12.00
# Visual Studio 14
VisualStudioVersion = 14.0.23107.0
MinimumVisualStudioVersion = 10.0.40219.1
Project("{FAE04EC0-301F-11D3-BF4B-00C04F79EFBC}") = "UI", "UI\UI.csproj", "{9E133494-CAAC-4902-A1B0-706F7D8BAE45}"
EndProject
Project("{FAE04EC0-301F-11D3-BF4B-00C04F79EFBC}") = "DataLayer", "DataLayer\DataLayer.csproj", "{71C668CA-E869-4DD6-8354-10E6F445269F}"
EndProject
Global
	GlobalSection(SolutionConfigurationPlatforms) = preSolution
		Debug|Any CPU = Debug|Any CPU
		Release|Any CPU = Release|Any CPU
	EndGlobalSection
	GlobalSection(ProjectConfigurationPlatforms) = postSolution
		{9E133494-CAAC-4902-A1B0-706F7D8BAE45}.Debug|Any CPU.ActiveCfg = Debug|Any CPU
		{9E133494-CAAC-4902-A1B0-706F7D8BAE45}.Debug|Any CPU.Build.0 = Debug|Any CPU
		{9E133494-CAAC-4902-A1B0-706F7D8BAE45}.Release|Any CPU.ActiveCfg = Release|Any CPU
		{9E133494-CAAC-4902-A1B0-706F7D8BAE45}.Release|Any CPU.Build.0 = Release|Any CPU
		{71C668CA-E869-4DD6-8354-10E6F445269F}.Debug|Any CPU.ActiveCfg = Debug|Any CPU
		{71C668CA-E869-4DD6-8354-10E6F445269F}.Debug|Any CPU.Build.0 = Debug|Any CPU
		{71C668CA-E869-4DD6-8354-10E6F445269F}.Release|Any CPU.ActiveCfg = Release|Any CPU
		{71C668CA-E869-4DD6-8354-10E6F445269F}.Release|Any CPU.Build.0 = Release|Any CPU
	EndGlobalSection
	GlobalSection(SolutionProperties) = preSolution
		HideSolutionNode = FALSE
	EndGlobalSection
EndGlobal
